
Microsoft Visual Studio Solution File, Format Version 12.00
# Visual Studio 14
VisualStudioVersion = 14.0.25420.1
MinimumVisualStudioVersion = 10.0.40219.1
Project("{8BC9CEB8-8B4A-11D0-8D11-00A0C91BC942}") = "CapstoneAlpha", "CapstoneAlpha\CapstoneAlpha.vcxproj", "{81930AEB-49B4-420C-8764-5F0740D4C3EE}"
EndProject
Project("{8BC9CEB8-8B4A-11D0-8D11-00A0C91BC942}") = "CapstoneAlpha_rendering", "CapstoneAlpha_rendering\CapstoneAlpha_rendering.vcxproj", "{C2A019CC-610B-4D27-A9E9-CB0D88B39B05}"
EndProject
Project("{8BC9CEB8-8B4A-11D0-8D11-00A0C91BC942}") = "KeyPointMatch", "KeyPointMatch\KeyPointMatch.vcxproj", "{6B6D09C6-A58A-4E5C-B612-54F8F6D3F640}"
EndProject
Project("{8BC9CEB8-8B4A-11D0-8D11-00A0C91BC942}") = "Reconstruction", "Reconstruction\Reconstruction.vcxproj", "{2FC1377F-AAC9-4CF1-A3E4-1B9F4379EF82}"
EndProject
Project("{8BC9CEB8-8B4A-11D0-8D11-00A0C91BC942}") = "Epilines", "Epilines\Epilines.vcxproj", "{11DD14B1-ECA9-4ED8-B981-87589A7C3791}"
EndProject
Project("{8BC9CEB8-8B4A-11D0-8D11-00A0C91BC942}") = "Dense", "Dense\Dense.vcxproj", "{C5F790DB-8D0D-4709-9D69-A3481DD673C8}"
EndProject
Project("{8BC9CEB8-8B4A-11D0-8D11-00A0C91BC942}") = "ReprojectImgTo3D", "ReprojectImgTo3D\ReprojectImgTo3D.vcxproj", "{E7805BB6-2370-40F3-A372-C491B9FD5056}"
EndProject
Project("{8BC9CEB8-8B4A-11D0-8D11-00A0C91BC942}") = "CameraMatrix", "CameraMatrix\CameraMatrix.vcxproj", "{203413D1-23B3-4FD8-904C-1270D0A16ABC}"
EndProject
Project("{8BC9CEB8-8B4A-11D0-8D11-00A0C91BC942}") = "OpticalFlow", "OpticalFlow\OpticalFlow.vcxproj", "{5B10E2F7-9B51-44C2-80DB-5D7BCCE4FBDB}"
EndProject
Project("{8BC9CEB8-8B4A-11D0-8D11-00A0C91BC942}") = "HarrisCorner", "HarrisCorner\HarrisCorner.vcxproj", "{343283CE-69A5-4600-958B-5E82934404FA}"
EndProject
Project("{8BC9CEB8-8B4A-11D0-8D11-00A0C91BC942}") = "CameraPoseTest", "CameraPoseTest\CameraPoseTest.vcxproj", "{8E0B62F1-3FFD-43BB-8C7A-C884E698EEF9}"
EndProject
Project("{8BC9CEB8-8B4A-11D0-8D11-00A0C91BC942}") = "test", "test\test.vcxproj", "{7DE0663D-44A1-4809-9D89-2F1262FCDE7E}"
EndProject
Project("{8BC9CEB8-8B4A-11D0-8D11-00A0C91BC942}") = "Alpha01", "Alpha01\Alpha01.vcxproj", "{5C970248-062C-4F08-B77E-3550A6A1B849}"
EndProject
Project("{8BC9CEB8-8B4A-11D0-8D11-00A0C91BC942}") = "Test_Single_Reconstruct", "Test_Single_Reconstruct\Test_Single_Reconstruct.vcxproj", "{0E0D8510-2019-4F1F-BFFE-9987F5DA70FA}"
EndProject
Project("{8BC9CEB8-8B4A-11D0-8D11-00A0C91BC942}") = "HomographyBasedEstimator", "HomographyBasedEstimator\HomographyBasedEstimator.vcxproj", "{4411A1D9-E4F1-454E-865B-43D7AC23EB32}"
EndProject
Project("{8BC9CEB8-8B4A-11D0-8D11-00A0C91BC942}") = "Simulation", "Simulation\Simulation.vcxproj", "{170808BE-EDBD-4A3E-B5EE-54F7B749CD57}"
EndProject
Project("{8BC9CEB8-8B4A-11D0-8D11-00A0C91BC942}") = "OpticalFlowRigid", "OpticalFlowRigid\OpticalFlowRigid.vcxproj", "{1BA4BCBB-AB3F-4A15-9D30-2523E448F6D7}"
EndProject
Project("{8BC9CEB8-8B4A-11D0-8D11-00A0C91BC942}") = "Toys_Sfm_test", "Toys_Sfm_test\Toys_Sfm_test.vcxproj", "{8AEFC990-855D-4425-98F4-B080B1F4A9CD}"
EndProject
Project("{8BC9CEB8-8B4A-11D0-8D11-00A0C91BC942}") = "testSfm", "testSfm\testSfm.vcxproj", "{4A07D318-48CE-4FD4-8213-911B1389D3B5}"
EndProject
Project("{8BC9CEB8-8B4A-11D0-8D11-00A0C91BC942}") = "OpticalDense", "OpticalDense\OpticalDense.vcxproj", "{8F34359C-D3C3-4A8F-8AF8-D0548C72F217}"
EndProject
Project("{8BC9CEB8-8B4A-11D0-8D11-00A0C91BC942}") = "KeyPoint", "KeyPoint\KeyPoint.vcxproj", "{C61C76DC-4E17-47CD-9CB6-176BFB66FC2F}"
EndProject
Global
	GlobalSection(SolutionConfigurationPlatforms) = preSolution
		Debug|x64 = Debug|x64
		Debug|x86 = Debug|x86
		Release|x64 = Release|x64
		Release|x86 = Release|x86
	EndGlobalSection
	GlobalSection(ProjectConfigurationPlatforms) = postSolution
		{81930AEB-49B4-420C-8764-5F0740D4C3EE}.Debug|x64.ActiveCfg = Debug|x64
		{81930AEB-49B4-420C-8764-5F0740D4C3EE}.Debug|x64.Build.0 = Debug|x64
		{81930AEB-49B4-420C-8764-5F0740D4C3EE}.Debug|x86.ActiveCfg = Debug|Win32
		{81930AEB-49B4-420C-8764-5F0740D4C3EE}.Debug|x86.Build.0 = Debug|Win32
		{81930AEB-49B4-420C-8764-5F0740D4C3EE}.Release|x64.ActiveCfg = Release|x64
		{81930AEB-49B4-420C-8764-5F0740D4C3EE}.Release|x64.Build.0 = Release|x64
		{81930AEB-49B4-420C-8764-5F0740D4C3EE}.Release|x86.ActiveCfg = Release|Win32
		{81930AEB-49B4-420C-8764-5F0740D4C3EE}.Release|x86.Build.0 = Release|Win32
		{C2A019CC-610B-4D27-A9E9-CB0D88B39B05}.Debug|x64.ActiveCfg = Debug|x64
		{C2A019CC-610B-4D27-A9E9-CB0D88B39B05}.Debug|x64.Build.0 = Debug|x64
		{C2A019CC-610B-4D27-A9E9-CB0D88B39B05}.Debug|x86.ActiveCfg = Debug|Win32
		{C2A019CC-610B-4D27-A9E9-CB0D88B39B05}.Debug|x86.Build.0 = Debug|Win32
		{C2A019CC-610B-4D27-A9E9-CB0D88B39B05}.Release|x64.ActiveCfg = Release|x64
		{C2A019CC-610B-4D27-A9E9-CB0D88B39B05}.Release|x64.Build.0 = Release|x64
		{C2A019CC-610B-4D27-A9E9-CB0D88B39B05}.Release|x86.ActiveCfg = Release|Win32
		{C2A019CC-610B-4D27-A9E9-CB0D88B39B05}.Release|x86.Build.0 = Release|Win32
		{6B6D09C6-A58A-4E5C-B612-54F8F6D3F640}.Debug|x64.ActiveCfg = Debug|x64
		{6B6D09C6-A58A-4E5C-B612-54F8F6D3F640}.Debug|x64.Build.0 = Debug|x64
		{6B6D09C6-A58A-4E5C-B612-54F8F6D3F640}.Debug|x86.ActiveCfg = Debug|Win32
		{6B6D09C6-A58A-4E5C-B612-54F8F6D3F640}.Debug|x86.Build.0 = Debug|Win32
		{6B6D09C6-A58A-4E5C-B612-54F8F6D3F640}.Release|x64.ActiveCfg = Release|x64
		{6B6D09C6-A58A-4E5C-B612-54F8F6D3F640}.Release|x64.Build.0 = Release|x64
		{6B6D09C6-A58A-4E5C-B612-54F8F6D3F640}.Release|x86.ActiveCfg = Release|Win32
		{6B6D09C6-A58A-4E5C-B612-54F8F6D3F640}.Release|x86.Build.0 = Release|Win32
		{2FC1377F-AAC9-4CF1-A3E4-1B9F4379EF82}.Debug|x64.ActiveCfg = Debug|x64
		{2FC1377F-AAC9-4CF1-A3E4-1B9F4379EF82}.Debug|x64.Build.0 = Debug|x64
		{2FC1377F-AAC9-4CF1-A3E4-1B9F4379EF82}.Debug|x86.ActiveCfg = Debug|Win32
		{2FC1377F-AAC9-4CF1-A3E4-1B9F4379EF82}.Debug|x86.Build.0 = Debug|Win32
		{2FC1377F-AAC9-4CF1-A3E4-1B9F4379EF82}.Release|x64.ActiveCfg = Release|x64
		{2FC1377F-AAC9-4CF1-A3E4-1B9F4379EF82}.Release|x64.Build.0 = Release|x64
		{2FC1377F-AAC9-4CF1-A3E4-1B9F4379EF82}.Release|x86.ActiveCfg = Release|Win32
		{2FC1377F-AAC9-4CF1-A3E4-1B9F4379EF82}.Release|x86.Build.0 = Release|Win32
		{11DD14B1-ECA9-4ED8-B981-87589A7C3791}.Debug|x64.ActiveCfg = Debug|x64
		{11DD14B1-ECA9-4ED8-B981-87589A7C3791}.Debug|x64.Build.0 = Debug|x64
		{11DD14B1-ECA9-4ED8-B981-87589A7C3791}.Debug|x86.ActiveCfg = Debug|Win32
		{11DD14B1-ECA9-4ED8-B981-87589A7C3791}.Debug|x86.Build.0 = Debug|Win32
		{11DD14B1-ECA9-4ED8-B981-87589A7C3791}.Release|x64.ActiveCfg = Release|x64
		{11DD14B1-ECA9-4ED8-B981-87589A7C3791}.Release|x64.Build.0 = Release|x64
		{11DD14B1-ECA9-4ED8-B981-87589A7C3791}.Release|x86.ActiveCfg = Release|Win32
		{11DD14B1-ECA9-4ED8-B981-87589A7C3791}.Release|x86.Build.0 = Release|Win32
		{C5F790DB-8D0D-4709-9D69-A3481DD673C8}.Debug|x64.ActiveCfg = Debug|x64
		{C5F790DB-8D0D-4709-9D69-A3481DD673C8}.Debug|x64.Build.0 = Debug|x64
		{C5F790DB-8D0D-4709-9D69-A3481DD673C8}.Debug|x86.ActiveCfg = Debug|Win32
		{C5F790DB-8D0D-4709-9D69-A3481DD673C8}.Debug|x86.Build.0 = Debug|Win32
		{C5F790DB-8D0D-4709-9D69-A3481DD673C8}.Release|x64.ActiveCfg = Release|x64
		{C5F790DB-8D0D-4709-9D69-A3481DD673C8}.Release|x64.Build.0 = Release|x64
		{C5F790DB-8D0D-4709-9D69-A3481DD673C8}.Release|x86.ActiveCfg = Release|Win32
		{C5F790DB-8D0D-4709-9D69-A3481DD673C8}.Release|x86.Build.0 = Release|Win32
		{E7805BB6-2370-40F3-A372-C491B9FD5056}.Debug|x64.ActiveCfg = Debug|x64
		{E7805BB6-2370-40F3-A372-C491B9FD5056}.Debug|x64.Build.0 = Debug|x64
		{E7805BB6-2370-40F3-A372-C491B9FD5056}.Debug|x86.ActiveCfg = Debug|Win32
		{E7805BB6-2370-40F3-A372-C491B9FD5056}.Debug|x86.Build.0 = Debug|Win32
		{E7805BB6-2370-40F3-A372-C491B9FD5056}.Release|x64.ActiveCfg = Release|x64
		{E7805BB6-2370-40F3-A372-C491B9FD5056}.Release|x64.Build.0 = Release|x64
		{E7805BB6-2370-40F3-A372-C491B9FD5056}.Release|x86.ActiveCfg = Release|Win32
		{E7805BB6-2370-40F3-A372-C491B9FD5056}.Release|x86.Build.0 = Release|Win32
		{203413D1-23B3-4FD8-904C-1270D0A16ABC}.Debug|x64.ActiveCfg = Debug|x64
		{203413D1-23B3-4FD8-904C-1270D0A16ABC}.Debug|x64.Build.0 = Debug|x64
		{203413D1-23B3-4FD8-904C-1270D0A16ABC}.Debug|x86.ActiveCfg = Debug|Win32
		{203413D1-23B3-4FD8-904C-1270D0A16ABC}.Debug|x86.Build.0 = Debug|Win32
		{203413D1-23B3-4FD8-904C-1270D0A16ABC}.Release|x64.ActiveCfg = Release|x64
		{203413D1-23B3-4FD8-904C-1270D0A16ABC}.Release|x64.Build.0 = Release|x64
		{203413D1-23B3-4FD8-904C-1270D0A16ABC}.Release|x86.ActiveCfg = Release|Win32
		{203413D1-23B3-4FD8-904C-1270D0A16ABC}.Release|x86.Build.0 = Release|Win32
		{5B10E2F7-9B51-44C2-80DB-5D7BCCE4FBDB}.Debug|x64.ActiveCfg = Debug|x64
		{5B10E2F7-9B51-44C2-80DB-5D7BCCE4FBDB}.Debug|x64.Build.0 = Debug|x64
		{5B10E2F7-9B51-44C2-80DB-5D7BCCE4FBDB}.Debug|x86.ActiveCfg = Debug|Win32
		{5B10E2F7-9B51-44C2-80DB-5D7BCCE4FBDB}.Debug|x86.Build.0 = Debug|Win32
		{5B10E2F7-9B51-44C2-80DB-5D7BCCE4FBDB}.Release|x64.ActiveCfg = Release|x64
		{5B10E2F7-9B51-44C2-80DB-5D7BCCE4FBDB}.Release|x64.Build.0 = Release|x64
		{5B10E2F7-9B51-44C2-80DB-5D7BCCE4FBDB}.Release|x86.ActiveCfg = Release|Win32
		{5B10E2F7-9B51-44C2-80DB-5D7BCCE4FBDB}.Release|x86.Build.0 = Release|Win32
		{343283CE-69A5-4600-958B-5E82934404FA}.Debug|x64.ActiveCfg = Debug|x64
		{343283CE-69A5-4600-958B-5E82934404FA}.Debug|x64.Build.0 = Debug|x64
		{343283CE-69A5-4600-958B-5E82934404FA}.Debug|x86.ActiveCfg = Debug|Win32
		{343283CE-69A5-4600-958B-5E82934404FA}.Debug|x86.Build.0 = Debug|Win32
		{343283CE-69A5-4600-958B-5E82934404FA}.Release|x64.ActiveCfg = Release|x64
		{343283CE-69A5-4600-958B-5E82934404FA}.Release|x64.Build.0 = Release|x64
		{343283CE-69A5-4600-958B-5E82934404FA}.Release|x86.ActiveCfg = Release|Win32
		{343283CE-69A5-4600-958B-5E82934404FA}.Release|x86.Build.0 = Release|Win32
		{8E0B62F1-3FFD-43BB-8C7A-C884E698EEF9}.Debug|x64.ActiveCfg = Debug|x64
		{8E0B62F1-3FFD-43BB-8C7A-C884E698EEF9}.Debug|x64.Build.0 = Debug|x64
		{8E0B62F1-3FFD-43BB-8C7A-C884E698EEF9}.Debug|x86.ActiveCfg = Debug|Win32
		{8E0B62F1-3FFD-43BB-8C7A-C884E698EEF9}.Debug|x86.Build.0 = Debug|Win32
		{8E0B62F1-3FFD-43BB-8C7A-C884E698EEF9}.Release|x64.ActiveCfg = Release|x64
		{8E0B62F1-3FFD-43BB-8C7A-C884E698EEF9}.Release|x64.Build.0 = Release|x64
		{8E0B62F1-3FFD-43BB-8C7A-C884E698EEF9}.Release|x86.ActiveCfg = Release|Win32
		{8E0B62F1-3FFD-43BB-8C7A-C884E698EEF9}.Release|x86.Build.0 = Release|Win32
		{7DE0663D-44A1-4809-9D89-2F1262FCDE7E}.Debug|x64.ActiveCfg = Debug|x64
		{7DE0663D-44A1-4809-9D89-2F1262FCDE7E}.Debug|x64.Build.0 = Debug|x64
		{7DE0663D-44A1-4809-9D89-2F1262FCDE7E}.Debug|x86.ActiveCfg = Debug|Win32
		{7DE0663D-44A1-4809-9D89-2F1262FCDE7E}.Debug|x86.Build.0 = Debug|Win32
		{7DE0663D-44A1-4809-9D89-2F1262FCDE7E}.Release|x64.ActiveCfg = Release|x64
		{7DE0663D-44A1-4809-9D89-2F1262FCDE7E}.Release|x64.Build.0 = Release|x64
		{7DE0663D-44A1-4809-9D89-2F1262FCDE7E}.Release|x86.ActiveCfg = Release|Win32
		{7DE0663D-44A1-4809-9D89-2F1262FCDE7E}.Release|x86.Build.0 = Release|Win32
		{5C970248-062C-4F08-B77E-3550A6A1B849}.Debug|x64.ActiveCfg = Debug|Win32
		{5C970248-062C-4F08-B77E-3550A6A1B849}.Debug|x86.ActiveCfg = Debug|Win32
		{5C970248-062C-4F08-B77E-3550A6A1B849}.Debug|x86.Build.0 = Debug|Win32
		{5C970248-062C-4F08-B77E-3550A6A1B849}.Release|x64.ActiveCfg = Release|Win32
		{5C970248-062C-4F08-B77E-3550A6A1B849}.Release|x86.ActiveCfg = Release|Win32
		{5C970248-062C-4F08-B77E-3550A6A1B849}.Release|x86.Build.0 = Release|Win32
		{0E0D8510-2019-4F1F-BFFE-9987F5DA70FA}.Debug|x64.ActiveCfg = Debug|x64
		{0E0D8510-2019-4F1F-BFFE-9987F5DA70FA}.Debug|x64.Build.0 = Debug|x64
		{0E0D8510-2019-4F1F-BFFE-9987F5DA70FA}.Debug|x86.ActiveCfg = Debug|Win32
		{0E0D8510-2019-4F1F-BFFE-9987F5DA70FA}.Debug|x86.Build.0 = Debug|Win32
		{0E0D8510-2019-4F1F-BFFE-9987F5DA70FA}.Release|x64.ActiveCfg = Release|x64
		{0E0D8510-2019-4F1F-BFFE-9987F5DA70FA}.Release|x64.Build.0 = Release|x64
		{0E0D8510-2019-4F1F-BFFE-9987F5DA70FA}.Release|x86.ActiveCfg = Release|Win32
		{0E0D8510-2019-4F1F-BFFE-9987F5DA70FA}.Release|x86.Build.0 = Release|Win32
		{4411A1D9-E4F1-454E-865B-43D7AC23EB32}.Debug|x64.ActiveCfg = Debug|x64
		{4411A1D9-E4F1-454E-865B-43D7AC23EB32}.Debug|x64.Build.0 = Debug|x64
		{4411A1D9-E4F1-454E-865B-43D7AC23EB32}.Debug|x86.ActiveCfg = Debug|Win32
		{4411A1D9-E4F1-454E-865B-43D7AC23EB32}.Debug|x86.Build.0 = Debug|Win32
		{4411A1D9-E4F1-454E-865B-43D7AC23EB32}.Release|x64.ActiveCfg = Release|x64
		{4411A1D9-E4F1-454E-865B-43D7AC23EB32}.Release|x64.Build.0 = Release|x64
		{4411A1D9-E4F1-454E-865B-43D7AC23EB32}.Release|x86.ActiveCfg = Release|Win32
		{4411A1D9-E4F1-454E-865B-43D7AC23EB32}.Release|x86.Build.0 = Release|Win32
		{170808BE-EDBD-4A3E-B5EE-54F7B749CD57}.Debug|x64.ActiveCfg = Debug|x64
		{170808BE-EDBD-4A3E-B5EE-54F7B749CD57}.Debug|x64.Build.0 = Debug|x64
		{170808BE-EDBD-4A3E-B5EE-54F7B749CD57}.Debug|x86.ActiveCfg = Debug|Win32
		{170808BE-EDBD-4A3E-B5EE-54F7B749CD57}.Debug|x86.Build.0 = Debug|Win32
		{170808BE-EDBD-4A3E-B5EE-54F7B749CD57}.Release|x64.ActiveCfg = Release|x64
		{170808BE-EDBD-4A3E-B5EE-54F7B749CD57}.Release|x64.Build.0 = Release|x64
		{170808BE-EDBD-4A3E-B5EE-54F7B749CD57}.Release|x86.ActiveCfg = Release|Win32
		{170808BE-EDBD-4A3E-B5EE-54F7B749CD57}.Release|x86.Build.0 = Release|Win32
		{1BA4BCBB-AB3F-4A15-9D30-2523E448F6D7}.Debug|x64.ActiveCfg = Debug|x64
		{1BA4BCBB-AB3F-4A15-9D30-2523E448F6D7}.Debug|x64.Build.0 = Debug|x64
		{1BA4BCBB-AB3F-4A15-9D30-2523E448F6D7}.Debug|x86.ActiveCfg = Debug|Win32
		{1BA4BCBB-AB3F-4A15-9D30-2523E448F6D7}.Debug|x86.Build.0 = Debug|Win32
		{1BA4BCBB-AB3F-4A15-9D30-2523E448F6D7}.Release|x64.ActiveCfg = Release|x64
		{1BA4BCBB-AB3F-4A15-9D30-2523E448F6D7}.Release|x64.Build.0 = Release|x64
		{1BA4BCBB-AB3F-4A15-9D30-2523E448F6D7}.Release|x86.ActiveCfg = Release|Win32
		{1BA4BCBB-AB3F-4A15-9D30-2523E448F6D7}.Release|x86.Build.0 = Release|Win32
		{8AEFC990-855D-4425-98F4-B080B1F4A9CD}.Debug|x64.ActiveCfg = Debug|x64
		{8AEFC990-855D-4425-98F4-B080B1F4A9CD}.Debug|x64.Build.0 = Debug|x64
		{8AEFC990-855D-4425-98F4-B080B1F4A9CD}.Debug|x86.ActiveCfg = Debug|Win32
		{8AEFC990-855D-4425-98F4-B080B1F4A9CD}.Debug|x86.Build.0 = Debug|Win32
		{8AEFC990-855D-4425-98F4-B080B1F4A9CD}.Release|x64.ActiveCfg = Release|x64
		{8AEFC990-855D-4425-98F4-B080B1F4A9CD}.Release|x64.Build.0 = Release|x64
		{8AEFC990-855D-4425-98F4-B080B1F4A9CD}.Release|x86.ActiveCfg = Release|Win32
		{8AEFC990-855D-4425-98F4-B080B1F4A9CD}.Release|x86.Build.0 = Release|Win32
		{4A07D318-48CE-4FD4-8213-911B1389D3B5}.Debug|x64.ActiveCfg = Debug|x64
		{4A07D318-48CE-4FD4-8213-911B1389D3B5}.Debug|x64.Build.0 = Debug|x64
		{4A07D318-48CE-4FD4-8213-911B1389D3B5}.Debug|x86.ActiveCfg = Debug|Win32
		{4A07D318-48CE-4FD4-8213-911B1389D3B5}.Debug|x86.Build.0 = Debug|Win32
		{4A07D318-48CE-4FD4-8213-911B1389D3B5}.Release|x64.ActiveCfg = Release|x64
		{4A07D318-48CE-4FD4-8213-911B1389D3B5}.Release|x64.Build.0 = Release|x64
		{4A07D318-48CE-4FD4-8213-911B1389D3B5}.Release|x86.ActiveCfg = Release|Win32
		{4A07D318-48CE-4FD4-8213-911B1389D3B5}.Release|x86.Build.0 = Release|Win32
		{8F34359C-D3C3-4A8F-8AF8-D0548C72F217}.Debug|x64.ActiveCfg = Debug|x64
		{8F34359C-D3C3-4A8F-8AF8-D0548C72F217}.Debug|x64.Build.0 = Debug|x64
		{8F34359C-D3C3-4A8F-8AF8-D0548C72F217}.Debug|x86.ActiveCfg = Debug|Win32
		{8F34359C-D3C3-4A8F-8AF8-D0548C72F217}.Debug|x86.Build.0 = Debug|Win32
		{8F34359C-D3C3-4A8F-8AF8-D0548C72F217}.Release|x64.ActiveCfg = Release|x64
		{8F34359C-D3C3-4A8F-8AF8-D0548C72F217}.Release|x64.Build.0 = Release|x64
		{8F34359C-D3C3-4A8F-8AF8-D0548C72F217}.Release|x86.ActiveCfg = Release|Win32
		{8F34359C-D3C3-4A8F-8AF8-D0548C72F217}.Release|x86.Build.0 = Release|Win32
		{C61C76DC-4E17-47CD-9CB6-176BFB66FC2F}.Debug|x64.ActiveCfg = Debug|x64
		{C61C76DC-4E17-47CD-9CB6-176BFB66FC2F}.Debug|x64.Build.0 = Debug|x64
		{C61C76DC-4E17-47CD-9CB6-176BFB66FC2F}.Debug|x86.ActiveCfg = Debug|Win32
		{C61C76DC-4E17-47CD-9CB6-176BFB66FC2F}.Debug|x86.Build.0 = Debug|Win32
		{C61C76DC-4E17-47CD-9CB6-176BFB66FC2F}.Release|x64.ActiveCfg = Release|x64
		{C61C76DC-4E17-47CD-9CB6-176BFB66FC2F}.Release|x64.Build.0 = Release|x64
		{C61C76DC-4E17-47CD-9CB6-176BFB66FC2F}.Release|x86.ActiveCfg = Release|Win32
		{C61C76DC-4E17-47CD-9CB6-176BFB66FC2F}.Release|x86.Build.0 = Release|Win32
	EndGlobalSection
	GlobalSection(SolutionProperties) = preSolution
		HideSolutionNode = FALSE
	EndGlobalSection
EndGlobal
